
Microsoft Visual Studio Solution File, Format Version 12.00
# Visual Studio Version 16
VisualStudioVersion = 16.0.33927.289
MinimumVisualStudioVersion = 10.0.40219.1
Project("{FAE04EC0-301F-11D3-BF4B-00C04F79EFBC}") = "Tyuiu.BogdanovaSA.Sprint4.Task0.V23", "Tyuiu.BogdanovaSA.Sprint4.Task0.V23\Tyuiu.BogdanovaSA.Sprint4.Task0.V23.csproj", "{425CE2B9-66FF-415D-AC9E-A699955F423C}"
EndProject
Project("{FAE04EC0-301F-11D3-BF4B-00C04F79EFBC}") = "Tyuiu.BogdanovaSA.Sprint4.Task0.V23.Lib", "Tyuiu.BogdanovaSA.Sprint4.Task0.V23.Lib\Tyuiu.BogdanovaSA.Sprint4.Task0.V23.Lib.csproj", "{1065FDFF-7C25-4F4F-8D8C-E2DB2CEC4BD2}"
EndProject
Project("{FAE04EC0-301F-11D3-BF4B-00C04F79EFBC}") = "Tyuiu.BogdanovaSA.Sprint4.Task0.V23.Test", "Tyuiu.BogdanovaSA.Sprint4.Task0.V23.Test\Tyuiu.BogdanovaSA.Sprint4.Task0.V23.Test.csproj", "{481FC365-7656-4F8B-A7E7-53904C9204C1}"
EndProject
Project("{2150E333-8FDC-42A3-9474-1A3956D46DE8}") = "Task1", "Task1", "{29044F80-8A8B-4269-AB5C-C2727E84EE8D}"
EndProject
Project("{FAE04EC0-301F-11D3-BF4B-00C04F79EFBC}") = "Tyuiu.BogdanovaSA.Sprint4.Task1.V28", "Tyuiu.BogdanovaSA.Sprint4.Task1.V28\Tyuiu.BogdanovaSA.Sprint4.Task1.V28.csproj", "{F93424F3-0819-4E73-B1D6-B158579BC8DD}"
EndProject
Project("{FAE04EC0-301F-11D3-BF4B-00C04F79EFBC}") = "Tyuiu.BogdanovaSA.Sprint4.Task1.V28.Lib", "Tyuiu.BogdanovaSA.Sprint4.Task1.V28.Lib\Tyuiu.BogdanovaSA.Sprint4.Task1.V28.Lib.csproj", "{6CE1CF7A-805E-427D-BA8A-A37CC114C3E7}"
EndProject
Project("{FAE04EC0-301F-11D3-BF4B-00C04F79EFBC}") = "Tyuiu.BogdanovaSA.Sprint4.Task1.V28.Test", "Tyuiu.BogdanovaSA.Sprint4.Task1.V28.Test\Tyuiu.BogdanovaSA.Sprint4.Task1.V28.Test.csproj", "{589125E1-3A68-4EF3-BCD4-F53139D3B63E}"
EndProject
Project("{2150E333-8FDC-42A3-9474-1A3956D46DE8}") = "Task2", "Task2", "{E778D4DC-BA26-430C-A9E5-AAF0935EBE79}"
EndProject
Project("{FAE04EC0-301F-11D3-BF4B-00C04F79EFBC}") = "Tyuiu.BogdanovaSA.Sprint4.Task2.V30", "Tyuiu.BogdanovaSA.Sprint4.Task2.V30\Tyuiu.BogdanovaSA.Sprint4.Task2.V30.csproj", "{3331EC25-E856-4083-A80E-3E494642ED62}"
EndProject
Project("{FAE04EC0-301F-11D3-BF4B-00C04F79EFBC}") = "Tyuiu.BogdanovaSA.Sprint4.Task2.V30.Lib", "Tyuiu.BogdanovaSA.Sprint4.Task2.V30.Lib\Tyuiu.BogdanovaSA.Sprint4.Task2.V30.Lib.csproj", "{218BED73-C113-4279-97FA-A83DBBC1300F}"
EndProject
Project("{FAE04EC0-301F-11D3-BF4B-00C04F79EFBC}") = "Tyuiu.BogdanovaSA.Sprint4.Task2.V30.Test", "Tyuiu.BogdanovaSA.Sprint4.Task2.V30.Test\Tyuiu.BogdanovaSA.Sprint4.Task2.V30.Test.csproj", "{82CBB498-184B-4635-ADE7-DFB881B019FD}"
EndProject
Project("{2150E333-8FDC-42A3-9474-1A3956D46DE8}") = "Task5", "Task5", "{3D394061-7EC0-4457-B3E8-7C88E38EC014}"
EndProject
Project("{FAE04EC0-301F-11D3-BF4B-00C04F79EFBC}") = "Tyuiu.BogdanovaSA.Sprint4.Task5.V19", "Tyuiu.BogdanovaSA.Sprint4.Task5.V19\Tyuiu.BogdanovaSA.Sprint4.Task5.V19.csproj", "{383932C4-C989-4264-80D1-E2EDDA4ED5A0}"
EndProject
Project("{FAE04EC0-301F-11D3-BF4B-00C04F79EFBC}") = "Tyuiu.BogdanovaSA.Sprint4.Task5.V19.Lib", "Tyuiu.BogdanovaSA.Sprint4.Task5.V19.Lib\Tyuiu.BogdanovaSA.Sprint4.Task5.V19.Lib.csproj", "{41F42E9B-1C77-4649-A2D7-3C4AE02DE686}"
EndProject
Project("{FAE04EC0-301F-11D3-BF4B-00C04F79EFBC}") = "Tyuiu.BogdanovaSA.Sprint4.Task5.V19.Test", "Tyuiu.BogdanovaSA.Sprint4.Task5.V19.Test\Tyuiu.BogdanovaSA.Sprint4.Task5.V19.Test.csproj", "{9CF856FE-20FE-477A-B4AA-369FAEC1049B}"
EndProject
Project("{2150E333-8FDC-42A3-9474-1A3956D46DE8}") = "Task6", "Task6", "{A5213370-DBF5-4B60-ACC5-74E45D375451}"
EndProject
Project("{FAE04EC0-301F-11D3-BF4B-00C04F79EFBC}") = "Tyuiu.BogdanovaSA.Sprint4.Task6.V19", "Tyuiu.BogdanovaSA.Sprint4.Task6.V19\Tyuiu.BogdanovaSA.Sprint4.Task6.V19.csproj", "{39081B07-0F9B-40C5-AB99-157C9AC26B4D}"
EndProject
Project("{FAE04EC0-301F-11D3-BF4B-00C04F79EFBC}") = "Tyuiu.BogdanovaSA.Sprint4.Task6.V19.Lib", "Tyuiu.BogdanovaSA.Sprint4.Task6.V19.Lib\Tyuiu.BogdanovaSA.Sprint4.Task6.V19.Lib.csproj", "{AFDB4E1A-B267-4F3E-9A88-823A2CEB6FAC}"
EndProject
Project("{FAE04EC0-301F-11D3-BF4B-00C04F79EFBC}") = "Tyuiu.BogdanovaSA.Sprint4.Task6.V19.Test", "Tyuiu.BogdanovaSA.Sprint4.Task6.V19.Test\Tyuiu.BogdanovaSA.Sprint4.Task6.V19.Test.csproj", "{3C17CB33-F175-4782-8974-97D906FF2791}"
EndProject
Global
	GlobalSection(SolutionConfigurationPlatforms) = preSolution
		Debug|Any CPU = Debug|Any CPU
		Release|Any CPU = Release|Any CPU
	EndGlobalSection
	GlobalSection(ProjectConfigurationPlatforms) = postSolution
		{425CE2B9-66FF-415D-AC9E-A699955F423C}.Debug|Any CPU.ActiveCfg = Debug|Any CPU
		{425CE2B9-66FF-415D-AC9E-A699955F423C}.Debug|Any CPU.Build.0 = Debug|Any CPU
		{425CE2B9-66FF-415D-AC9E-A699955F423C}.Release|Any CPU.ActiveCfg = Release|Any CPU
		{425CE2B9-66FF-415D-AC9E-A699955F423C}.Release|Any CPU.Build.0 = Release|Any CPU
		{1065FDFF-7C25-4F4F-8D8C-E2DB2CEC4BD2}.Debug|Any CPU.ActiveCfg = Debug|Any CPU
		{1065FDFF-7C25-4F4F-8D8C-E2DB2CEC4BD2}.Debug|Any CPU.Build.0 = Debug|Any CPU
		{1065FDFF-7C25-4F4F-8D8C-E2DB2CEC4BD2}.Release|Any CPU.ActiveCfg = Release|Any CPU
		{1065FDFF-7C25-4F4F-8D8C-E2DB2CEC4BD2}.Release|Any CPU.Build.0 = Release|Any CPU
		{481FC365-7656-4F8B-A7E7-53904C9204C1}.Debug|Any CPU.ActiveCfg = Debug|Any CPU
		{481FC365-7656-4F8B-A7E7-53904C9204C1}.Debug|Any CPU.Build.0 = Debug|Any CPU
		{481FC365-7656-4F8B-A7E7-53904C9204C1}.Release|Any CPU.ActiveCfg = Release|Any CPU
		{481FC365-7656-4F8B-A7E7-53904C9204C1}.Release|Any CPU.Build.0 = Release|Any CPU
		{F93424F3-0819-4E73-B1D6-B158579BC8DD}.Debug|Any CPU.ActiveCfg = Debug|Any CPU
		{F93424F3-0819-4E73-B1D6-B158579BC8DD}.Debug|Any CPU.Build.0 = Debug|Any CPU
		{F93424F3-0819-4E73-B1D6-B158579BC8DD}.Release|Any CPU.ActiveCfg = Release|Any CPU
		{F93424F3-0819-4E73-B1D6-B158579BC8DD}.Release|Any CPU.Build.0 = Release|Any CPU
		{6CE1CF7A-805E-427D-BA8A-A37CC114C3E7}.Debug|Any CPU.ActiveCfg = Debug|Any CPU
		{6CE1CF7A-805E-427D-BA8A-A37CC114C3E7}.Debug|Any CPU.Build.0 = Debug|Any CPU
		{6CE1CF7A-805E-427D-BA8A-A37CC114C3E7}.Release|Any CPU.ActiveCfg = Release|Any CPU
		{6CE1CF7A-805E-427D-BA8A-A37CC114C3E7}.Release|Any CPU.Build.0 = Release|Any CPU
		{589125E1-3A68-4EF3-BCD4-F53139D3B63E}.Debug|Any CPU.ActiveCfg = Debug|Any CPU
		{589125E1-3A68-4EF3-BCD4-F53139D3B63E}.Debug|Any CPU.Build.0 = Debug|Any CPU
		{589125E1-3A68-4EF3-BCD4-F53139D3B63E}.Release|Any CPU.ActiveCfg = Release|Any CPU
		{589125E1-3A68-4EF3-BCD4-F53139D3B63E}.Release|Any CPU.Build.0 = Release|Any CPU
		{3331EC25-E856-4083-A80E-3E494642ED62}.Debug|Any CPU.ActiveCfg = Debug|Any CPU
		{3331EC25-E856-4083-A80E-3E494642ED62}.Debug|Any CPU.Build.0 = Debug|Any CPU
		{3331EC25-E856-4083-A80E-3E494642ED62}.Release|Any CPU.ActiveCfg = Release|Any CPU
		{3331EC25-E856-4083-A80E-3E494642ED62}.Release|Any CPU.Build.0 = Release|Any CPU
		{218BED73-C113-4279-97FA-A83DBBC1300F}.Debug|Any CPU.ActiveCfg = Debug|Any CPU
		{218BED73-C113-4279-97FA-A83DBBC1300F}.Debug|Any CPU.Build.0 = Debug|Any CPU
		{218BED73-C113-4279-97FA-A83DBBC1300F}.Release|Any CPU.ActiveCfg = Release|Any CPU
		{218BED73-C113-4279-97FA-A83DBBC1300F}.Release|Any CPU.Build.0 = Release|Any CPU
		{82CBB498-184B-4635-ADE7-DFB881B019FD}.Debug|Any CPU.ActiveCfg = Debug|Any CPU
		{82CBB498-184B-4635-ADE7-DFB881B019FD}.Debug|Any CPU.Build.0 = Debug|Any CPU
		{82CBB498-184B-4635-ADE7-DFB881B019FD}.Release|Any CPU.ActiveCfg = Release|Any CPU
		{82CBB498-184B-4635-ADE7-DFB881B019FD}.Release|Any CPU.Build.0 = Release|Any CPU
		{383932C4-C989-4264-80D1-E2EDDA4ED5A0}.Debug|Any CPU.ActiveCfg = Debug|Any CPU
		{383932C4-C989-4264-80D1-E2EDDA4ED5A0}.Debug|Any CPU.Build.0 = Debug|Any CPU
		{383932C4-C989-4264-80D1-E2EDDA4ED5A0}.Release|Any CPU.ActiveCfg = Release|Any CPU
		{383932C4-C989-4264-80D1-E2EDDA4ED5A0}.Release|Any CPU.Build.0 = Release|Any CPU
		{41F42E9B-1C77-4649-A2D7-3C4AE02DE686}.Debug|Any CPU.ActiveCfg = Debug|Any CPU
		{41F42E9B-1C77-4649-A2D7-3C4AE02DE686}.Debug|Any CPU.Build.0 = Debug|Any CPU
		{41F42E9B-1C77-4649-A2D7-3C4AE02DE686}.Release|Any CPU.ActiveCfg = Release|Any CPU
		{41F42E9B-1C77-4649-A2D7-3C4AE02DE686}.Release|Any CPU.Build.0 = Release|Any CPU
		{9CF856FE-20FE-477A-B4AA-369FAEC1049B}.Debug|Any CPU.ActiveCfg = Debug|Any CPU
		{9CF856FE-20FE-477A-B4AA-369FAEC1049B}.Debug|Any CPU.Build.0 = Debug|Any CPU
		{9CF856FE-20FE-477A-B4AA-369FAEC1049B}.Release|Any CPU.ActiveCfg = Release|Any CPU
		{9CF856FE-20FE-477A-B4AA-369FAEC1049B}.Release|Any CPU.Build.0 = Release|Any CPU
		{39081B07-0F9B-40C5-AB99-157C9AC26B4D}.Debug|Any CPU.ActiveCfg = Debug|Any CPU
		{39081B07-0F9B-40C5-AB99-157C9AC26B4D}.Debug|Any CPU.Build.0 = Debug|Any CPU
		{39081B07-0F9B-40C5-AB99-157C9AC26B4D}.Release|Any CPU.ActiveCfg = Release|Any CPU
		{39081B07-0F9B-40C5-AB99-157C9AC26B4D}.Release|Any CPU.Build.0 = Release|Any CPU
		{AFDB4E1A-B267-4F3E-9A88-823A2CEB6FAC}.Debug|Any CPU.ActiveCfg = Debug|Any CPU
		{AFDB4E1A-B267-4F3E-9A88-823A2CEB6FAC}.Debug|Any CPU.Build.0 = Debug|Any CPU
		{AFDB4E1A-B267-4F3E-9A88-823A2CEB6FAC}.Release|Any CPU.ActiveCfg = Release|Any CPU
		{AFDB4E1A-B267-4F3E-9A88-823A2CEB6FAC}.Release|Any CPU.Build.0 = Release|Any CPU
		{3C17CB33-F175-4782-8974-97D906FF2791}.Debug|Any CPU.ActiveCfg = Debug|Any CPU
		{3C17CB33-F175-4782-8974-97D906FF2791}.Debug|Any CPU.Build.0 = Debug|Any CPU
		{3C17CB33-F175-4782-8974-97D906FF2791}.Release|Any CPU.ActiveCfg = Release|Any CPU
		{3C17CB33-F175-4782-8974-97D906FF2791}.Release|Any CPU.Build.0 = Release|Any CPU
	EndGlobalSection
	GlobalSection(SolutionProperties) = preSolution
		HideSolutionNode = FALSE
	EndGlobalSection
	GlobalSection(NestedProjects) = preSolution
		{F93424F3-0819-4E73-B1D6-B158579BC8DD} = {29044F80-8A8B-4269-AB5C-C2727E84EE8D}
		{589125E1-3A68-4EF3-BCD4-F53139D3B63E} = {29044F80-8A8B-4269-AB5C-C2727E84EE8D}
		{3331EC25-E856-4083-A80E-3E494642ED62} = {E778D4DC-BA26-430C-A9E5-AAF0935EBE79}
		{218BED73-C113-4279-97FA-A83DBBC1300F} = {E778D4DC-BA26-430C-A9E5-AAF0935EBE79}
		{82CBB498-184B-4635-ADE7-DFB881B019FD} = {E778D4DC-BA26-430C-A9E5-AAF0935EBE79}
		{383932C4-C989-4264-80D1-E2EDDA4ED5A0} = {3D394061-7EC0-4457-B3E8-7C88E38EC014}
		{41F42E9B-1C77-4649-A2D7-3C4AE02DE686} = {3D394061-7EC0-4457-B3E8-7C88E38EC014}
		{9CF856FE-20FE-477A-B4AA-369FAEC1049B} = {3D394061-7EC0-4457-B3E8-7C88E38EC014}
		{39081B07-0F9B-40C5-AB99-157C9AC26B4D} = {A5213370-DBF5-4B60-ACC5-74E45D375451}
		{AFDB4E1A-B267-4F3E-9A88-823A2CEB6FAC} = {A5213370-DBF5-4B60-ACC5-74E45D375451}
		{3C17CB33-F175-4782-8974-97D906FF2791} = {A5213370-DBF5-4B60-ACC5-74E45D375451}
	EndGlobalSection
	GlobalSection(ExtensibilityGlobals) = postSolution
		SolutionGuid = {9A206B5A-F4B5-4857-8AD7-D38C5CFB5264}
	EndGlobalSection
EndGlobal
