
Microsoft Visual Studio Solution File, Format Version 12.00
# Visual Studio Version 16
VisualStudioVersion = 16.0.33927.289
MinimumVisualStudioVersion = 10.0.40219.1
Project("{FAE04EC0-301F-11D3-BF4B-00C04F79EFBC}") = "Tyuiu.BogdanovaSA.Sprint4.Task0.V23", "Tyuiu.BogdanovaSA.Sprint4.Task0.V23\Tyuiu.BogdanovaSA.Sprint4.Task0.V23.csproj", "{425CE2B9-66FF-415D-AC9E-A699955F423C}"
EndProject
Project("{FAE04EC0-301F-11D3-BF4B-00C04F79EFBC}") = "Tyuiu.BogdanovaSA.Sprint4.Task0.V23.Lib", "Tyuiu.BogdanovaSA.Sprint4.Task0.V23.Lib\Tyuiu.BogdanovaSA.Sprint4.Task0.V23.Lib.csproj", "{1065FDFF-7C25-4F4F-8D8C-E2DB2CEC4BD2}"
EndProject
Project("{FAE04EC0-301F-11D3-BF4B-00C04F79EFBC}") = "Tyuiu.BogdanovaSA.Sprint4.Task0.V23.Test", "Tyuiu.BogdanovaSA.Sprint4.Task0.V23.Test\Tyuiu.BogdanovaSA.Sprint4.Task0.V23.Test.csproj", "{481FC365-7656-4F8B-A7E7-53904C9204C1}"
EndProject
Global
	GlobalSection(SolutionConfigurationPlatforms) = preSolution
		Debug|Any CPU = Debug|Any CPU
		Release|Any CPU = Release|Any CPU
	EndGlobalSection
	GlobalSection(ProjectConfigurationPlatforms) = postSolution
		{425CE2B9-66FF-415D-AC9E-A699955F423C}.Debug|Any CPU.ActiveCfg = Debug|Any CPU
		{425CE2B9-66FF-415D-AC9E-A699955F423C}.Debug|Any CPU.Build.0 = Debug|Any CPU
		{425CE2B9-66FF-415D-AC9E-A699955F423C}.Release|Any CPU.ActiveCfg = Release|Any CPU
		{425CE2B9-66FF-415D-AC9E-A699955F423C}.Release|Any CPU.Build.0 = Release|Any CPU
		{1065FDFF-7C25-4F4F-8D8C-E2DB2CEC4BD2}.Debug|Any CPU.ActiveCfg = Debug|Any CPU
		{1065FDFF-7C25-4F4F-8D8C-E2DB2CEC4BD2}.Debug|Any CPU.Build.0 = Debug|Any CPU
		{1065FDFF-7C25-4F4F-8D8C-E2DB2CEC4BD2}.Release|Any CPU.ActiveCfg = Release|Any CPU
		{1065FDFF-7C25-4F4F-8D8C-E2DB2CEC4BD2}.Release|Any CPU.Build.0 = Release|Any CPU
		{481FC365-7656-4F8B-A7E7-53904C9204C1}.Debug|Any CPU.ActiveCfg = Debug|Any CPU
		{481FC365-7656-4F8B-A7E7-53904C9204C1}.Debug|Any CPU.Build.0 = Debug|Any CPU
		{481FC365-7656-4F8B-A7E7-53904C9204C1}.Release|Any CPU.ActiveCfg = Release|Any CPU
		{481FC365-7656-4F8B-A7E7-53904C9204C1}.Release|Any CPU.Build.0 = Release|Any CPU
	EndGlobalSection
	GlobalSection(SolutionProperties) = preSolution
		HideSolutionNode = FALSE
	EndGlobalSection
	GlobalSection(ExtensibilityGlobals) = postSolution
		SolutionGuid = {9A206B5A-F4B5-4857-8AD7-D38C5CFB5264}
	EndGlobalSection
EndGlobal
